
Microsoft Visual Studio Solution File, Format Version 12.00
# Visual Studio Version 16
VisualStudioVersion = 16.0.29123.88
MinimumVisualStudioVersion = 10.0.40219.1
Project("{2150E333-8FDC-42A3-9474-1A3956D46DE8}") = "src", "src", "{FB5C6A18-A201-4ABE-9853-5720336A5673}"
ProjectSection(SolutionItems) = preProject
	src\pack.props = src\pack.props
EndProjectSection
EndProject
Project("{9A19103F-16F7-4668-BE54-9A1E7A4F7556}") = "RESTable", "src\RESTable\RESTable.csproj", "{C530402D-15CD-4386-A592-3BB7C165DEF8}"
EndProject
Project("{9A19103F-16F7-4668-BE54-9A1E7A4F7556}") = "RESTable.AspNetCore", "src\RESTable.AspNetCore\RESTable.AspNetCore.csproj", "{2701B374-7221-49FF-AB9E-3121F7DAEC0B}"
EndProject
Project("{FAE04EC0-301F-11D3-BF4B-00C04F79EFBC}") = "RESTable.Excel", "src\RESTable.Excel\RESTable.Excel.csproj", "{65837CD5-C3E4-4189-92FB-63A388784AA7}"
EndProject
Project("{FAE04EC0-301F-11D3-BF4B-00C04F79EFBC}") = "RESTable.OData", "src\RESTable.OData\RESTable.OData.csproj", "{38823A9D-615C-4BEE-95C9-5DF965EAB153}"
EndProject
Project("{FAE04EC0-301F-11D3-BF4B-00C04F79EFBC}") = "RESTable.SQLite", "src\RESTable.SQLite\RESTable.SQLite.csproj", "{BBB551EF-D1EB-4E73-AE46-88D69E899B91}"
EndProject
Project("{FAE04EC0-301F-11D3-BF4B-00C04F79EFBC}") = "RESTable.Starcounter3x", "src\RESTable.Starcounter3x\RESTable.Starcounter3x.csproj", "{182E3936-DDE4-48FC-813E-89EBF8C64FA0}"
EndProject
Project("{2150E333-8FDC-42A3-9474-1A3956D46DE8}") = "tests", "tests", "{711DE637-1CC4-45B6-AC0D-828359BE5A45}"
EndProject
Project("{FAE04EC0-301F-11D3-BF4B-00C04F79EFBC}") = "RESTable.Tests", "tests\RESTable.Tests\RESTable.Tests.csproj", "{2F978C81-5538-4212-8EC1-4E76843AB081}"
EndProject
Project("{2150E333-8FDC-42A3-9474-1A3956D46DE8}") = "samples", "samples", "{B5B66ADB-F3EA-4C7C-9227-BCCBB2DFC202}"
EndProject
Project("{FAE04EC0-301F-11D3-BF4B-00C04F79EFBC}") = "RESTable.AspNetCore.Example", "samples\RESTable.AspNetCore.Example\RESTable.AspNetCore.Example.csproj", "{12D2FF08-87D6-4CAF-920D-5F0654027A49}"
EndProject
Project("{FAE04EC0-301F-11D3-BF4B-00C04F79EFBC}") = "RESTable.Tutorial", "samples\RESTable.Tutorial\RESTable.Tutorial.csproj", "{CB78CA85-17FC-44B8-9938-0C3B05F9BA1F}"
EndProject
Project("{FAE04EC0-301F-11D3-BF4B-00C04F79EFBC}") = "RESTable.Starcounter3x.AspNetCore.Example", "samples\RESTable.Starcounter3x.AspNetCore.Example\RESTable.Starcounter3x.AspNetCore.Example.csproj", "{E8791D86-18B8-4282-AB7C-D37BA8C9AA02}"
EndProject
Project("{FAE04EC0-301F-11D3-BF4B-00C04F79EFBC}") = "RESTable.SQLite.Tests", "tests\RESTable.SQLite.Tests\RESTable.SQLite.Tests.csproj", "{09FDC124-C02E-451F-BC2C-42A27DC10377}"
EndProject
Project("{FAE04EC0-301F-11D3-BF4B-00C04F79EFBC}") = "FileSenderSample", "samples\FileSenderSample\FileSenderSample.csproj", "{A71F36E4-0259-4F3B-9EF6-D44ED24DF439}"
EndProject
Project("{FAE04EC0-301F-11D3-BF4B-00C04F79EFBC}") = "RESTable.Json", "src\RESTable.Json\RESTable.Json.csproj", "{ACEA157A-411D-41F4-8685-685B9867DDB9}"
EndProject
Project("{FAE04EC0-301F-11D3-BF4B-00C04F79EFBC}") = "RESTable.Xml", "src\RESTable.Xml\RESTable.Xml.csproj", "{03CFA3EA-4F23-40F4-9948-BF3791D4B05A}"
EndProject
Project("{FAE04EC0-301F-11D3-BF4B-00C04F79EFBC}") = "FrameworkApp", "samples\FrameworkApp\FrameworkApp.csproj", "{79A5EA26-28CB-4569-B799-7E4E6A5837F9}"
EndProject
Global
	GlobalSection(SolutionConfigurationPlatforms) = preSolution
		Debug|Any CPU = Debug|Any CPU
		Release|Any CPU = Release|Any CPU
	EndGlobalSection
	GlobalSection(ProjectConfigurationPlatforms) = postSolution
		{C530402D-15CD-4386-A592-3BB7C165DEF8}.Debug|Any CPU.ActiveCfg = Debug|Any CPU
		{C530402D-15CD-4386-A592-3BB7C165DEF8}.Debug|Any CPU.Build.0 = Debug|Any CPU
		{C530402D-15CD-4386-A592-3BB7C165DEF8}.Release|Any CPU.ActiveCfg = Release|Any CPU
		{C530402D-15CD-4386-A592-3BB7C165DEF8}.Release|Any CPU.Build.0 = Release|Any CPU
		{2701B374-7221-49FF-AB9E-3121F7DAEC0B}.Debug|Any CPU.ActiveCfg = Debug|Any CPU
		{2701B374-7221-49FF-AB9E-3121F7DAEC0B}.Debug|Any CPU.Build.0 = Debug|Any CPU
		{2701B374-7221-49FF-AB9E-3121F7DAEC0B}.Release|Any CPU.ActiveCfg = Release|Any CPU
		{2701B374-7221-49FF-AB9E-3121F7DAEC0B}.Release|Any CPU.Build.0 = Release|Any CPU
		{65837CD5-C3E4-4189-92FB-63A388784AA7}.Debug|Any CPU.ActiveCfg = Debug|Any CPU
		{65837CD5-C3E4-4189-92FB-63A388784AA7}.Debug|Any CPU.Build.0 = Debug|Any CPU
		{65837CD5-C3E4-4189-92FB-63A388784AA7}.Release|Any CPU.ActiveCfg = Release|Any CPU
		{65837CD5-C3E4-4189-92FB-63A388784AA7}.Release|Any CPU.Build.0 = Release|Any CPU
		{BBB551EF-D1EB-4E73-AE46-88D69E899B91}.Debug|Any CPU.ActiveCfg = Debug|Any CPU
		{BBB551EF-D1EB-4E73-AE46-88D69E899B91}.Debug|Any CPU.Build.0 = Debug|Any CPU
		{BBB551EF-D1EB-4E73-AE46-88D69E899B91}.Release|Any CPU.ActiveCfg = Release|Any CPU
		{BBB551EF-D1EB-4E73-AE46-88D69E899B91}.Release|Any CPU.Build.0 = Release|Any CPU
		{182E3936-DDE4-48FC-813E-89EBF8C64FA0}.Debug|Any CPU.ActiveCfg = Debug|Any CPU
		{182E3936-DDE4-48FC-813E-89EBF8C64FA0}.Debug|Any CPU.Build.0 = Debug|Any CPU
		{182E3936-DDE4-48FC-813E-89EBF8C64FA0}.Release|Any CPU.ActiveCfg = Release|Any CPU
		{182E3936-DDE4-48FC-813E-89EBF8C64FA0}.Release|Any CPU.Build.0 = Release|Any CPU
		{2F978C81-5538-4212-8EC1-4E76843AB081}.Debug|Any CPU.ActiveCfg = Debug|Any CPU
		{2F978C81-5538-4212-8EC1-4E76843AB081}.Debug|Any CPU.Build.0 = Debug|Any CPU
		{2F978C81-5538-4212-8EC1-4E76843AB081}.Release|Any CPU.ActiveCfg = Release|Any CPU
		{2F978C81-5538-4212-8EC1-4E76843AB081}.Release|Any CPU.Build.0 = Release|Any CPU
		{12D2FF08-87D6-4CAF-920D-5F0654027A49}.Debug|Any CPU.ActiveCfg = Debug|Any CPU
		{12D2FF08-87D6-4CAF-920D-5F0654027A49}.Debug|Any CPU.Build.0 = Debug|Any CPU
		{12D2FF08-87D6-4CAF-920D-5F0654027A49}.Release|Any CPU.ActiveCfg = Release|Any CPU
		{12D2FF08-87D6-4CAF-920D-5F0654027A49}.Release|Any CPU.Build.0 = Release|Any CPU
		{CB78CA85-17FC-44B8-9938-0C3B05F9BA1F}.Debug|Any CPU.ActiveCfg = Debug|Any CPU
		{CB78CA85-17FC-44B8-9938-0C3B05F9BA1F}.Debug|Any CPU.Build.0 = Debug|Any CPU
		{CB78CA85-17FC-44B8-9938-0C3B05F9BA1F}.Release|Any CPU.ActiveCfg = Release|Any CPU
		{CB78CA85-17FC-44B8-9938-0C3B05F9BA1F}.Release|Any CPU.Build.0 = Release|Any CPU
		{E8791D86-18B8-4282-AB7C-D37BA8C9AA02}.Debug|Any CPU.ActiveCfg = Debug|Any CPU
		{E8791D86-18B8-4282-AB7C-D37BA8C9AA02}.Debug|Any CPU.Build.0 = Debug|Any CPU
		{E8791D86-18B8-4282-AB7C-D37BA8C9AA02}.Release|Any CPU.ActiveCfg = Release|Any CPU
		{E8791D86-18B8-4282-AB7C-D37BA8C9AA02}.Release|Any CPU.Build.0 = Release|Any CPU
		{09FDC124-C02E-451F-BC2C-42A27DC10377}.Debug|Any CPU.ActiveCfg = Debug|Any CPU
		{09FDC124-C02E-451F-BC2C-42A27DC10377}.Debug|Any CPU.Build.0 = Debug|Any CPU
		{09FDC124-C02E-451F-BC2C-42A27DC10377}.Release|Any CPU.ActiveCfg = Release|Any CPU
		{09FDC124-C02E-451F-BC2C-42A27DC10377}.Release|Any CPU.Build.0 = Release|Any CPU
		{A71F36E4-0259-4F3B-9EF6-D44ED24DF439}.Debug|Any CPU.ActiveCfg = Debug|Any CPU
		{A71F36E4-0259-4F3B-9EF6-D44ED24DF439}.Debug|Any CPU.Build.0 = Debug|Any CPU
		{A71F36E4-0259-4F3B-9EF6-D44ED24DF439}.Release|Any CPU.ActiveCfg = Release|Any CPU
		{A71F36E4-0259-4F3B-9EF6-D44ED24DF439}.Release|Any CPU.Build.0 = Release|Any CPU
		{ACEA157A-411D-41F4-8685-685B9867DDB9}.Debug|Any CPU.ActiveCfg = Debug|Any CPU
		{ACEA157A-411D-41F4-8685-685B9867DDB9}.Debug|Any CPU.Build.0 = Debug|Any CPU
		{ACEA157A-411D-41F4-8685-685B9867DDB9}.Release|Any CPU.ActiveCfg = Release|Any CPU
		{ACEA157A-411D-41F4-8685-685B9867DDB9}.Release|Any CPU.Build.0 = Release|Any CPU
		{03CFA3EA-4F23-40F4-9948-BF3791D4B05A}.Debug|Any CPU.ActiveCfg = Debug|Any CPU
		{03CFA3EA-4F23-40F4-9948-BF3791D4B05A}.Debug|Any CPU.Build.0 = Debug|Any CPU
		{03CFA3EA-4F23-40F4-9948-BF3791D4B05A}.Release|Any CPU.ActiveCfg = Release|Any CPU
		{03CFA3EA-4F23-40F4-9948-BF3791D4B05A}.Release|Any CPU.Build.0 = Release|Any CPU
		{79A5EA26-28CB-4569-B799-7E4E6A5837F9}.Debug|Any CPU.ActiveCfg = Debug|Any CPU
		{79A5EA26-28CB-4569-B799-7E4E6A5837F9}.Debug|Any CPU.Build.0 = Debug|Any CPU
		{79A5EA26-28CB-4569-B799-7E4E6A5837F9}.Release|Any CPU.ActiveCfg = Release|Any CPU
		{79A5EA26-28CB-4569-B799-7E4E6A5837F9}.Release|Any CPU.Build.0 = Release|Any CPU
		{38823A9D-615C-4BEE-95C9-5DF965EAB153}.Debug|Any CPU.ActiveCfg = Debug|Any CPU
		{38823A9D-615C-4BEE-95C9-5DF965EAB153}.Debug|Any CPU.Build.0 = Debug|Any CPU
	EndGlobalSection
	GlobalSection(SolutionProperties) = preSolution
		HideSolutionNode = FALSE
	EndGlobalSection
	GlobalSection(ExtensibilityGlobals) = postSolution
		SolutionGuid = {4E249B7A-F00E-4DBD-810B-E1202D892E0A}
	EndGlobalSection
	GlobalSection(NestedProjects) = preSolution
		{C530402D-15CD-4386-A592-3BB7C165DEF8} = {FB5C6A18-A201-4ABE-9853-5720336A5673}
		{2701B374-7221-49FF-AB9E-3121F7DAEC0B} = {FB5C6A18-A201-4ABE-9853-5720336A5673}
		{65837CD5-C3E4-4189-92FB-63A388784AA7} = {FB5C6A18-A201-4ABE-9853-5720336A5673}
		{38823A9D-615C-4BEE-95C9-5DF965EAB153} = {FB5C6A18-A201-4ABE-9853-5720336A5673}
		{BBB551EF-D1EB-4E73-AE46-88D69E899B91} = {FB5C6A18-A201-4ABE-9853-5720336A5673}
		{182E3936-DDE4-48FC-813E-89EBF8C64FA0} = {FB5C6A18-A201-4ABE-9853-5720336A5673}
		{2F978C81-5538-4212-8EC1-4E76843AB081} = {711DE637-1CC4-45B6-AC0D-828359BE5A45}
		{12D2FF08-87D6-4CAF-920D-5F0654027A49} = {B5B66ADB-F3EA-4C7C-9227-BCCBB2DFC202}
		{CB78CA85-17FC-44B8-9938-0C3B05F9BA1F} = {B5B66ADB-F3EA-4C7C-9227-BCCBB2DFC202}
		{E8791D86-18B8-4282-AB7C-D37BA8C9AA02} = {B5B66ADB-F3EA-4C7C-9227-BCCBB2DFC202}
		{09FDC124-C02E-451F-BC2C-42A27DC10377} = {711DE637-1CC4-45B6-AC0D-828359BE5A45}
		{A71F36E4-0259-4F3B-9EF6-D44ED24DF439} = {B5B66ADB-F3EA-4C7C-9227-BCCBB2DFC202}
		{ACEA157A-411D-41F4-8685-685B9867DDB9} = {FB5C6A18-A201-4ABE-9853-5720336A5673}
		{03CFA3EA-4F23-40F4-9948-BF3791D4B05A} = {FB5C6A18-A201-4ABE-9853-5720336A5673}
		{79A5EA26-28CB-4569-B799-7E4E6A5837F9} = {B5B66ADB-F3EA-4C7C-9227-BCCBB2DFC202}
	EndGlobalSection
EndGlobal
