
Microsoft Visual Studio Solution File, Format Version 12.00
# Visual Studio Version 16
VisualStudioVersion = 16.0.29123.88
MinimumVisualStudioVersion = 10.0.40219.1
Project("{2150E333-8FDC-42A3-9474-1A3956D46DE8}") = "src", "src", "{FB5C6A18-A201-4ABE-9853-5720336A5673}"
ProjectSection(SolutionItems) = preProject
	src/common.props = src/common.props
	src/pack.props = src/pack.props
EndProjectSection
EndProject
Project("{9A19103F-16F7-4668-BE54-9A1E7A4F7556}") = "RESTable", "src/RESTable/RESTable.csproj", "{C530402D-15CD-4386-A592-3BB7C165DEF8}"
EndProject
Project("{9A19103F-16F7-4668-BE54-9A1E7A4F7556}") = "RESTable.AspNetCore", "src/RESTable.AspNetCore/RESTable.AspNetCore.csproj", "{2701B374-7221-49FF-AB9E-3121F7DAEC0B}"
EndProject
Project("{FAE04EC0-301F-11D3-BF4B-00C04F79EFBC}") = "RESTable.Excel", "src/RESTable.Excel/RESTable.Excel.csproj", "{65837CD5-C3E4-4189-92FB-63A388784AA7}"
EndProject
Project("{FAE04EC0-301F-11D3-BF4B-00C04F79EFBC}") = "RESTable.OData", "src/RESTable.OData/RESTable.OData.csproj", "{38823A9D-615C-4BEE-95C9-5DF965EAB153}"
EndProject
Project("{FAE04EC0-301F-11D3-BF4B-00C04F79EFBC}") = "RESTable.Sqlite", "src/RESTable.Sqlite/RESTable.Sqlite.csproj", "{BBB551EF-D1EB-4E73-AE46-88D69E899B91}"
EndProject
Project("{2150E333-8FDC-42A3-9474-1A3956D46DE8}") = "tests", "tests", "{711DE637-1CC4-45B6-AC0D-828359BE5A45}"
EndProject
Project("{FAE04EC0-301F-11D3-BF4B-00C04F79EFBC}") = "RESTable.Tests", "tests/RESTable.Tests/RESTable.Tests.csproj", "{2F978C81-5538-4212-8EC1-4E76843AB081}"
EndProject
Project("{2150E333-8FDC-42A3-9474-1A3956D46DE8}") = "samples", "samples", "{B5B66ADB-F3EA-4C7C-9227-BCCBB2DFC202}"
EndProject
Project("{FAE04EC0-301F-11D3-BF4B-00C04F79EFBC}") = "RESTable.Tutorial", "samples/RESTable.Tutorial/RESTable.Tutorial.csproj", "{CB78CA85-17FC-44B8-9938-0C3B05F9BA1F}"
EndProject
Project("{FAE04EC0-301F-11D3-BF4B-00C04F79EFBC}") = "RESTable.Sqlite.Tests", "tests/RESTable.Sqlite.Tests/RESTable.Sqlite.Tests.csproj", "{09FDC124-C02E-451F-BC2C-42A27DC10377}"
EndProject
Project("{FAE04EC0-301F-11D3-BF4B-00C04F79EFBC}") = "FileSenderSample", "samples/FileSenderSample/FileSenderSample.csproj", "{A71F36E4-0259-4F3B-9EF6-D44ED24DF439}"
EndProject
Project("{FAE04EC0-301F-11D3-BF4B-00C04F79EFBC}") = "RESTable.Json.Tests", "tests/RESTable.Json.Tests/RESTable.Json.Tests.csproj", "{5B52D7FD-77CF-4FBC-B2F9-532BCFFEF551}"
EndProject
Project("{FAE04EC0-301F-11D3-BF4B-00C04F79EFBC}") = "RESTable.Xunit", "src/RESTable.Xunit/RESTable.Xunit.csproj", "{1CF2A298-860A-40FC-BE0D-6E20C6E499AC}"
EndProject
Project("{FAE04EC0-301F-11D3-BF4B-00C04F79EFBC}") = "RESTable.AspNetCore.Tests", "tests/RESTable.AspNetCore.Tests/RESTable.AspNetCore.Tests.csproj", "{5D9B68B6-CF2B-4E73-9405-6ADAB4BFDB08}"
EndProject
Global
	GlobalSection(SolutionConfigurationPlatforms) = preSolution
		Debug|Any CPU = Debug|Any CPU
		Release|Any CPU = Release|Any CPU
	EndGlobalSection
	GlobalSection(ProjectConfigurationPlatforms) = postSolution
		{C530402D-15CD-4386-A592-3BB7C165DEF8}.Debug|Any CPU.ActiveCfg = Debug|Any CPU
		{C530402D-15CD-4386-A592-3BB7C165DEF8}.Debug|Any CPU.Build.0 = Debug|Any CPU
		{C530402D-15CD-4386-A592-3BB7C165DEF8}.Release|Any CPU.ActiveCfg = Release|Any CPU
		{C530402D-15CD-4386-A592-3BB7C165DEF8}.Release|Any CPU.Build.0 = Release|Any CPU
		{2701B374-7221-49FF-AB9E-3121F7DAEC0B}.Debug|Any CPU.ActiveCfg = Debug|Any CPU
		{2701B374-7221-49FF-AB9E-3121F7DAEC0B}.Debug|Any CPU.Build.0 = Debug|Any CPU
		{2701B374-7221-49FF-AB9E-3121F7DAEC0B}.Release|Any CPU.ActiveCfg = Release|Any CPU
		{2701B374-7221-49FF-AB9E-3121F7DAEC0B}.Release|Any CPU.Build.0 = Release|Any CPU
		{65837CD5-C3E4-4189-92FB-63A388784AA7}.Debug|Any CPU.ActiveCfg = Debug|Any CPU
		{65837CD5-C3E4-4189-92FB-63A388784AA7}.Debug|Any CPU.Build.0 = Debug|Any CPU
		{65837CD5-C3E4-4189-92FB-63A388784AA7}.Release|Any CPU.ActiveCfg = Release|Any CPU
		{65837CD5-C3E4-4189-92FB-63A388784AA7}.Release|Any CPU.Build.0 = Release|Any CPU
		{BBB551EF-D1EB-4E73-AE46-88D69E899B91}.Debug|Any CPU.ActiveCfg = Debug|Any CPU
		{BBB551EF-D1EB-4E73-AE46-88D69E899B91}.Debug|Any CPU.Build.0 = Debug|Any CPU
		{BBB551EF-D1EB-4E73-AE46-88D69E899B91}.Release|Any CPU.ActiveCfg = Release|Any CPU
		{BBB551EF-D1EB-4E73-AE46-88D69E899B91}.Release|Any CPU.Build.0 = Release|Any CPU
		{2F978C81-5538-4212-8EC1-4E76843AB081}.Debug|Any CPU.ActiveCfg = Debug|Any CPU
		{2F978C81-5538-4212-8EC1-4E76843AB081}.Debug|Any CPU.Build.0 = Debug|Any CPU
		{2F978C81-5538-4212-8EC1-4E76843AB081}.Release|Any CPU.ActiveCfg = Release|Any CPU
		{2F978C81-5538-4212-8EC1-4E76843AB081}.Release|Any CPU.Build.0 = Release|Any CPU
		{CB78CA85-17FC-44B8-9938-0C3B05F9BA1F}.Debug|Any CPU.ActiveCfg = Debug|Any CPU
		{CB78CA85-17FC-44B8-9938-0C3B05F9BA1F}.Debug|Any CPU.Build.0 = Debug|Any CPU
		{CB78CA85-17FC-44B8-9938-0C3B05F9BA1F}.Release|Any CPU.ActiveCfg = Release|Any CPU
		{CB78CA85-17FC-44B8-9938-0C3B05F9BA1F}.Release|Any CPU.Build.0 = Release|Any CPU
		{09FDC124-C02E-451F-BC2C-42A27DC10377}.Debug|Any CPU.ActiveCfg = Debug|Any CPU
		{09FDC124-C02E-451F-BC2C-42A27DC10377}.Debug|Any CPU.Build.0 = Debug|Any CPU
		{09FDC124-C02E-451F-BC2C-42A27DC10377}.Release|Any CPU.ActiveCfg = Release|Any CPU
		{09FDC124-C02E-451F-BC2C-42A27DC10377}.Release|Any CPU.Build.0 = Release|Any CPU
		{A71F36E4-0259-4F3B-9EF6-D44ED24DF439}.Debug|Any CPU.ActiveCfg = Debug|Any CPU
		{A71F36E4-0259-4F3B-9EF6-D44ED24DF439}.Debug|Any CPU.Build.0 = Debug|Any CPU
		{A71F36E4-0259-4F3B-9EF6-D44ED24DF439}.Release|Any CPU.ActiveCfg = Release|Any CPU
		{A71F36E4-0259-4F3B-9EF6-D44ED24DF439}.Release|Any CPU.Build.0 = Release|Any CPU
		{38823A9D-615C-4BEE-95C9-5DF965EAB153}.Debug|Any CPU.ActiveCfg = Debug|Any CPU
		{38823A9D-615C-4BEE-95C9-5DF965EAB153}.Debug|Any CPU.Build.0 = Debug|Any CPU
		{38823A9D-615C-4BEE-95C9-5DF965EAB153}.Release|Any CPU.ActiveCfg = Release|Any CPU
		{38823A9D-615C-4BEE-95C9-5DF965EAB153}.Release|Any CPU.Build.0 = Release|Any CPU
		{5B52D7FD-77CF-4FBC-B2F9-532BCFFEF551}.Debug|Any CPU.ActiveCfg = Debug|Any CPU
		{5B52D7FD-77CF-4FBC-B2F9-532BCFFEF551}.Debug|Any CPU.Build.0 = Debug|Any CPU
		{5B52D7FD-77CF-4FBC-B2F9-532BCFFEF551}.Release|Any CPU.ActiveCfg = Release|Any CPU
		{5B52D7FD-77CF-4FBC-B2F9-532BCFFEF551}.Release|Any CPU.Build.0 = Release|Any CPU
		{1CF2A298-860A-40FC-BE0D-6E20C6E499AC}.Debug|Any CPU.ActiveCfg = Debug|Any CPU
		{1CF2A298-860A-40FC-BE0D-6E20C6E499AC}.Debug|Any CPU.Build.0 = Debug|Any CPU
		{1CF2A298-860A-40FC-BE0D-6E20C6E499AC}.Release|Any CPU.ActiveCfg = Release|Any CPU
		{1CF2A298-860A-40FC-BE0D-6E20C6E499AC}.Release|Any CPU.Build.0 = Release|Any CPU
		{5D9B68B6-CF2B-4E73-9405-6ADAB4BFDB08}.Debug|Any CPU.ActiveCfg = Debug|Any CPU
		{5D9B68B6-CF2B-4E73-9405-6ADAB4BFDB08}.Debug|Any CPU.Build.0 = Debug|Any CPU
		{5D9B68B6-CF2B-4E73-9405-6ADAB4BFDB08}.Release|Any CPU.ActiveCfg = Release|Any CPU
		{5D9B68B6-CF2B-4E73-9405-6ADAB4BFDB08}.Release|Any CPU.Build.0 = Release|Any CPU
	EndGlobalSection
	GlobalSection(SolutionProperties) = preSolution
		HideSolutionNode = FALSE
	EndGlobalSection
	GlobalSection(ExtensibilityGlobals) = postSolution
		SolutionGuid = {4E249B7A-F00E-4DBD-810B-E1202D892E0A}
	EndGlobalSection
	GlobalSection(NestedProjects) = preSolution
		{C530402D-15CD-4386-A592-3BB7C165DEF8} = {FB5C6A18-A201-4ABE-9853-5720336A5673}
		{2701B374-7221-49FF-AB9E-3121F7DAEC0B} = {FB5C6A18-A201-4ABE-9853-5720336A5673}
		{65837CD5-C3E4-4189-92FB-63A388784AA7} = {FB5C6A18-A201-4ABE-9853-5720336A5673}
		{38823A9D-615C-4BEE-95C9-5DF965EAB153} = {FB5C6A18-A201-4ABE-9853-5720336A5673}
		{BBB551EF-D1EB-4E73-AE46-88D69E899B91} = {FB5C6A18-A201-4ABE-9853-5720336A5673}
		{2F978C81-5538-4212-8EC1-4E76843AB081} = {711DE637-1CC4-45B6-AC0D-828359BE5A45}
		{CB78CA85-17FC-44B8-9938-0C3B05F9BA1F} = {B5B66ADB-F3EA-4C7C-9227-BCCBB2DFC202}
		{09FDC124-C02E-451F-BC2C-42A27DC10377} = {711DE637-1CC4-45B6-AC0D-828359BE5A45}
		{A71F36E4-0259-4F3B-9EF6-D44ED24DF439} = {B5B66ADB-F3EA-4C7C-9227-BCCBB2DFC202}
		{5B52D7FD-77CF-4FBC-B2F9-532BCFFEF551} = {711DE637-1CC4-45B6-AC0D-828359BE5A45}
		{1CF2A298-860A-40FC-BE0D-6E20C6E499AC} = {FB5C6A18-A201-4ABE-9853-5720336A5673}
		{5D9B68B6-CF2B-4E73-9405-6ADAB4BFDB08} = {711DE637-1CC4-45B6-AC0D-828359BE5A45}
	EndGlobalSection
EndGlobal
